
Microsoft Visual Studio Solution File, Format Version 12.00
# Visual Studio Version 17
VisualStudioVersion = 17.5.33424.131
MinimumVisualStudioVersion = 10.0.40219.1
Project("{FAE04EC0-301F-11D3-BF4B-00C04F79EFBC}") = "PrzetwarzanieObrazów", "PrzetwarzanieObrazów\PrzetwarzanieObrazów.csproj", "{560929E7-B5E9-4896-9D23-A3F0BAA731CF}"
EndProject
Global
	GlobalSection(SolutionConfigurationPlatforms) = preSolution
		Debug|Any CPU = Debug|Any CPU
		Release|Any CPU = Release|Any CPU
	EndGlobalSection
	GlobalSection(ProjectConfigurationPlatforms) = postSolution
		{560929E7-B5E9-4896-9D23-A3F0BAA731CF}.Debug|Any CPU.ActiveCfg = Debug|Any CPU
		{560929E7-B5E9-4896-9D23-A3F0BAA731CF}.Debug|Any CPU.Build.0 = Debug|Any CPU
		{560929E7-B5E9-4896-9D23-A3F0BAA731CF}.Release|Any CPU.ActiveCfg = Release|Any CPU
		{560929E7-B5E9-4896-9D23-A3F0BAA731CF}.Release|Any CPU.Build.0 = Release|Any CPU
	EndGlobalSection
	GlobalSection(SolutionProperties) = preSolution
		HideSolutionNode = FALSE
	EndGlobalSection
	GlobalSection(ExtensibilityGlobals) = postSolution
		SolutionGuid = {FDD3814E-8820-4925-A5B3-FC4A7C7E4F09}
	EndGlobalSection
EndGlobal
